
Microsoft Visual Studio Solution File, Format Version 12.00
# Visual Studio 15
VisualStudioVersion = 15.0.28010.2036
MinimumVisualStudioVersion = 10.0.40219.1
Project("{9A19103F-16F7-4668-BE54-9A1E7A4F7556}") = "MvcMovie", "MvcMovie.csproj", "{18376C87-00D1-4390-A34C-53257D34CF37}"
EndProject
Global
	GlobalSection(SolutionConfigurationPlatforms) = preSolution
		Debug|Any CPU = Debug|Any CPU
		Release|Any CPU = Release|Any CPU
	EndGlobalSection
	GlobalSection(ProjectConfigurationPlatforms) = postSolution
		{18376C87-00D1-4390-A34C-53257D34CF37}.Debug|Any CPU.ActiveCfg = Debug|Any CPU
		{18376C87-00D1-4390-A34C-53257D34CF37}.Debug|Any CPU.Build.0 = Debug|Any CPU
		{18376C87-00D1-4390-A34C-53257D34CF37}.Release|Any CPU.ActiveCfg = Release|Any CPU
		{18376C87-00D1-4390-A34C-53257D34CF37}.Release|Any CPU.Build.0 = Release|Any CPU
	EndGlobalSection
	GlobalSection(SolutionProperties) = preSolution
		HideSolutionNode = FALSE
	EndGlobalSection
	GlobalSection(ExtensibilityGlobals) = postSolution
		SolutionGuid = {4528BDF9-A9DF-482D-BB15-758CADAE2756}
	EndGlobalSection
EndGlobal
